
Microsoft Visual Studio Solution File, Format Version 12.00
# Visual Studio Version 17
VisualStudioVersion = 17.4.33103.184
MinimumVisualStudioVersion = 10.0.40219.1
Project("{FAE04EC0-301F-11D3-BF4B-00C04F79EFBC}") = "Case2", "Case2\Case2.csproj", "{A5C9587F-71EB-4465-943B-317CC581C2B9}"
EndProject
Global
	GlobalSection(SolutionConfigurationPlatforms) = preSolution
		Debug|Any CPU = Debug|Any CPU
		Release|Any CPU = Release|Any CPU
	EndGlobalSection
	GlobalSection(ProjectConfigurationPlatforms) = postSolution
		{A5C9587F-71EB-4465-943B-317CC581C2B9}.Debug|Any CPU.ActiveCfg = Debug|Any CPU
		{A5C9587F-71EB-4465-943B-317CC581C2B9}.Debug|Any CPU.Build.0 = Debug|Any CPU
		{A5C9587F-71EB-4465-943B-317CC581C2B9}.Release|Any CPU.ActiveCfg = Release|Any CPU
		{A5C9587F-71EB-4465-943B-317CC581C2B9}.Release|Any CPU.Build.0 = Release|Any CPU
	EndGlobalSection
	GlobalSection(SolutionProperties) = preSolution
		HideSolutionNode = FALSE
	EndGlobalSection
	GlobalSection(ExtensibilityGlobals) = postSolution
		SolutionGuid = {31D729BD-13F6-4AC3-9E99-7D02BBA53411}
	EndGlobalSection
EndGlobal
